github.com/Depado/bfchroma v1.1.1 h1:FZz6t8qiPusJA9byayzzs2AWEifd7tYCzyagql/AFEM=
github.com/Depado/bfchroma v1.1.1/go.mod h1:9BTTKr5Oh9gf19WS8X7n8v9DmtaizdQkVlBmPQfNmfk=
github.com/alcortesm/tgz v0.0.0-20161220082320-9c5fe88206d7/go.mod h1:6zEj6s6u/ghQa61ZWa/C2Aw3RkjiTBOix7dkqa1VLIs=
github.com/alecthomas/assert v0.0.0-20170929043011-405dbfeb8e38/go.mod h1:r7bzyVFMNntcxPZXK3/+KdruV1H5KSlyVY0gc+NgInI=
github.com/alecthomas/chroma v0.4.0/go.mod h1:MmozekIi2rfQSzDcdEZ2BoJ9Pxs/7uc2Y4Boh+hIeZo=
github.com/alecthomas/chroma v0.6.2 h1:aV6n3C/Womqo1zPZ7eyI0viybDslfbgqTUqxMMyCrDM=
github.com/alecthomas/chroma v0.6.2/go.mod h1:quT2EpvJNqkuPi6DmBHB+E33FXBgBBPzyH5++Dn1LPc=
github.com/alecthomas/chroma v0.6.3/go.mod h1:quT2EpvJNqkuPi6DmBHB+E33FXBgBBPzyH5++Dn1LPc=
github.com/alecthomas/colour v0.0.0-20160524082231-60882d9e2721/go.mod h1:QO9JBoKquHd+jz9nshCh40fOfO+JzsoXy8qTHF68zU0=
github.com/alecthomas/kong v0.1.15/go.mod h1:0m2VYms8rH0qbCqVB2gvGHk74bqLIq0HXjCs5bNbNQU=
github.com/alecthomas/kong v0.1.16/go.mod h1:0m2VYms8rH0qbCqVB2gvGHk74bqLIq0HXjCs5bNbNQU=
github.com/alecthomas/repr v0.0.0-20180616030925-f49988b46e02/go.mod h1:xTS7Pm1pD1mvyM075QCDSRqH6qRLXylzS24ZTpRiSzQ=
github.com/alecthomas/repr v0.0.0-20180818092828-117648cd9897/go.mod h1:xTS7Pm1pD1mvyM075QCDSRqH6qRLXylzS24ZTpRiSzQ=
github.com/alecthomas/repr v0.0.0-20181024024818-d37bc2a10ba1/go.mod h1:xTS7Pm1pD1mvyM075QCDSRqH6qRLXylzS24ZTpRiSzQ=
github.com/alecthomas/template v0.0.0-20160405071501-a0175ee3bccc h1:cAKDfWh5VpdgMhJosfJnn5/FoN2SRZ4p7fJNX58YPaU=
github.com/alecthomas/template v0.0.0-20160405071501-a0175ee3bccc/go.mod h1:LOuyumcjzFXgccqObfd/Ljyb9UuFJ6TxHnclSeseNhc=
github.com/alecthomas/units v0.0.0-20151022065526-2efee857e7cf h1:qet1QNfXsQxTZqLG4oE62mJzwPIB8+Tee4RNCL9ulrY=
github.com/alecthomas/units v0.0.0-20151022065526-2efee857e7cf/go.mod h1:ybxpYRFXyAe+OPACYpWeL0wqObRcbAqCMya13uyzqw0=
github.com/andygrunwald/go-gerrit v0.0.0-20181026193842-43cfd7a94eb4/go.mod h1:0iuRQp6WJ44ts+iihy5E/WlPqfg5RNeQxOmzRkxCdtk=
github.com/anmitsu/go-shlex v0.0.0-20161002113705-648efa622239/go.mod h1:2FmKhYUyUczH0OGQWaF5ceTx0UBShxjsH6f8oGKYe2c=
github.com/beorn7/perks v0.0.0-20180321164747-3a771d992973 h1:xJ4a3vCFaGF/jqvzLMYoU8P317H5OQ+Via4RmuPwCS0=
github.com/beorn7/perks v0.0.0-20180321164747-3a771d992973/go.mod h1:Dwedo/Wpr24TaqPxmxbtue+5NUziq4I4S80YR8gNf3Q=
github.com/cosiner/argv v0.0.0-20170225145430-13bacc38a0a5 h1:rIXlvz2IWiupMFlC45cZCXZFvKX/ExBcSLrDy2G0Lp8=
github.com/cosiner/argv v0.0.0-20170225145430-13bacc38a0a5/go.mod h1:p/NrK5tF6ICIly4qwEDsf6VDirFiWWz0FenfYBwJaKQ=
github.com/cpuguy83/go-md2man v1.0.8/go.mod h1:N6JayAiVKtlHSnuTCeuLSQVs75hb8q+dYQLjr7cDsKY=
github.com/danwakefield/fnmatch v0.0.0-20160403171240-cbb64ac3d964 h1:y5HC9v93H5EPKqaS1UYVg1uYah5Xf51mBfIoWehClUQ=
github.com/danwakefield/fnmatch v0.0.0-20160403171240-cbb64ac3d964/go.mod h1:Xd9hchkHSWYkEqJwUGisez3G1QY8Ryz0sdWrLPMGjLk=
github.com/davecgh/go-spew v1.1.0/go.mod h1:J7Y8YcW2NihsgmVo/mv3lAwl/skON4iLHjSsI+c5H38=
github.com/davecgh/go-spew v1.1.1 h1:vj9j/u1bqnvCEfJOwUhtlOARqs3+rkHYY13jYWTU97c=
github.com/davecgh/go-spew v1.1.1/go.mod h1:J7Y8YcW2NihsgmVo/mv3lAwl/skON4iLHjSsI+c5H38=
github.com/dlclark/regexp2 v1.1.6 h1:CqB4MjHw0MFCDj+PHHjiESmHX+N7t0tJzKvC6M97BRg=
github.com/dlclark/regexp2 v1.1.6/go.mod h1:2pZnwuY/m+8K6iRw6wQdMtk+rH5tNGR1i55kozfMjCc=
github.com/emirpasic/gods v1.9.0/go.mod h1:YfzfFFoVP/catgzJb4IKIqXjX78Ha8FMSDh3ymbK86o=
github.com/fatih/color v1.7.0 h1:DkWD4oS2D8LGGgTQ6IvwJJXSL5Vp2ffcQg58nFV38Ys=
github.com/fatih/color v1.7.0/go.mod h1:Zm6kSWBoL9eyXnKyktHP6abPY2pDugNf5KwzbycvMj4=
github.com/flynn/go-shlex v0.0.0-20150515145356-3f9db97f8568/go.mod h1:xEzjJPgXI435gkrCt3MPfRiAkVrwSbHsst4LCFVfpJc=
github.com/fsnotify/fsnotify v1.4.7 h1:IXs+QLmnXW2CcXuY+8Mzv/fWEsPGWxqefPtCP5CnV9I=
github.com/fsnotify/fsnotify v1.4.7/go.mod h1:jwhsz4b93w/PPRr/qN1Yymfu8t87LnFCMoQvtojpjFo=
github.com/gchaincl/sqlhooks v1.1.0 h1:c/JqKEQFqiqnV8D7b834AT5gyrOsFvxdmBWJPAgXVz4=
github.com/gchaincl/sqlhooks v1.1.0/go.mod h1:kvcSeiqN3dMcwlPcJIeNNqIvrUpk+G0mmXDv5qPF5IU=
github.com/gfleury/go-bitbucket-v1 v0.0.0-20181102191809-4910839b609e/go.mod h1:Se0U4YUmRkRAOh8kD7KXz+3VCUBmvTFcdWP2QYYRjjc=
github.com/gliderlabs/ssh v0.1.1/go.mod h1:U7qILu1NlMHj9FlMhZLlkCdDnU1DBEAqr0aevW3Awn0=
github.com/go-delve/delve v1.2.0 h1:uwGyfYO0WsWqbnDWvxCBKOr2qFLpii3tLxwM+fTJs70=
github.com/go-delve/delve v1.2.0/go.mod h1:yP+LD36s/ud5nm4lsQY0TwNhYu2PAwk6xItz+442j74=
github.com/go-sql-driver/mysql v1.4.1 h1:g24URVg0OFbNUTx9qqY1IRZ9D9z3iPyi5zKhQZpNwpA=
github.com/go-sql-driver/mysql v1.4.1/go.mod h1:zAC/RDZ24gD3HViQzih4MyKcchzm+sOG5ZlKdlhCg5w=
github.com/go-stack/stack v1.8.0 h1:5SgMzNM5HxrEjV0ww2lTmX6E2Izsfxas4+YHWRs3Lsk=
github.com/go-stack/stack v1.8.0/go.mod h1:v0f6uXyyMGvRgIKkXu+yp6POWl0qKG85gN/melR3HDY=
github.com/golang/protobuf v1.2.0 h1:P3YflyNX/ehuJFLhxviNdFxQPkGK5cDcApsge1SqnvM=
github.com/golang/protobuf v1.2.0/go.mod h1:6lQm79b+lXiMfvg/cZm0SGofjICqVBUtrP5yJMmIC1U=
github.com/google/go-cmp v0.2.0/go.mod h1:oXzfMopK8JAjlY9xF4vHSVASa0yLyX7SntLO5aqRK0M=
github.com/google/go-github v17.0.0+incompatible/go.mod h1:zLgOLi98H3fifZn+44m+umXrS52loVEgC2AApnigrVQ=
github.com/google/go-querystring v1.0.0/go.mod h1:odCYkC5MyYFN7vkCjXpyrEuKhc/BUO6wN/zVPAxq5ck=
github.com/google/slothfs v0.0.0-20170112234537-ecdd255f653d/go.mod h1:kzvK/MFjZSNdFgc1tCZML3E1nVvnB4/npSKEuvMoECU=
github.com/hashicorp/go-cleanhttp v0.5.0 h1:wvCrVc9TjDls6+YGAF2hAifE1E5U1+b4tH6KdvN3Gig=
github.com/hashicorp/go-cleanhttp v0.5.0/go.mod h1:JpRdi6/HCYpAwUzNwuwqhbovhLtngrth3wmdIIUrZ80=
github.com/hashicorp/go-retryablehttp v0.5.1 h1:Vsx5XKPqPs3M6sM4U4GWyUqFS8aBiL9U5gkgvpkg4SE=
github.com/hashicorp/go-retryablehttp v0.5.1/go.mod h1:9B5zBasrRhHXnJnui7y6sL7es7NDiJgTc6Er0maI1Xs=
github.com/inconshreveable/mousetrap v1.0.0/go.mod h1:PxqpIevigyE2G7u3NXJIT2ANytuPF1OarO4DADm73n8=
github.com/jbenet/go-context v0.0.0-20150711004518-d14ea06fba99/go.mod h1:1lJo3i6rXxKeerYnT8Nvf0QmHCRC1n8sfWVwXF2Frvo=
github.com/jessevdk/go-flags v1.4.0/go.mod h1:4FA24M0QyGHXBuZZK/XkWh8h0e1EYbRYJSGM75WSRxI=
github.com/joho/godotenv v1.3.0 h1:Zjp+RcGpHhGlrMbJzXTrZZPrWj+1vfm90La1wgB6Bhc=
github.com/joho/godotenv v1.3.0/go.mod h1:7hK45KPybAkOC6peb+G5yklZfMxEjkZhHbwpqxOKXbg=
github.com/keegancsmith/rpc v1.1.0 h1:bXVRk3EzbtrEegTGKxNTc+St1lR7t/Z1PAO8misBnCc=
github.com/keegancsmith/rpc v1.1.0/go.mod h1:Xow74TKX34OPPiPCdz6x1o9c0SCxRqGxDuKGk7ZOo8s=
github.com/kevinburke/ssh_config v0.0.0-20180830205328-81db2a75821e/go.mod h1:CT57kijsi8u/K/BOFA39wgDQJ9CxiF4nAY/ojJ6r6mM=
github.com/kr/pretty v0.1.0/go.mod h1:dAy3ld7l9f0ibDNOQOHHMYYIIbhfbHSm3C4ZsoJORNo=
github.com/kr/pty v1.1.1/go.mod h1:pFQYn66WHrOpPYNljwOMqo10TkYh1fy3cYio2l3bCsQ=
github.com/kr/text v0.1.0/go.mod h1:4Jbv+DJW3UT/LiOwJeYQe1efqtUx/iVham/4vfdArNI=
github.com/kylelemons/godebug v0.0.0-20170820004349-d65d576e9348/go.mod h1:B69LEHPfb2qLo0BaaOLcbitczOKLWTsrBG9LczfCD4k=
github.com/lib/pq v1.1.1 h1:sJZmqHoEaY7f+NPP8pgLB/WxulyR3fewgCM2qaSlBb4=
github.com/lib/pq v1.1.1/go.mod h1:5WUZQaWbwv1U+lTReE5YruASi9Al49XbQIvNi/34Woo=
github.com/mattn/go-colorable v0.0.0-20170327083344-ded68f7a9561/go.mod h1:9vuHe8Xs5qXnSaW/c/ABM9alt+Vo+STaOChaDxuIBZU=
github.com/mattn/go-colorable v0.0.9 h1:UVL0vNpWh04HeJXV0KLcaT7r06gOH2l4OW6ddYRUIY4=
github.com/mattn/go-colorable v0.0.9/go.mod h1:9vuHe8Xs5qXnSaW/c/ABM9alt+Vo+STaOChaDxuIBZU=
github.com/mattn/go-colorable v0.1.1 h1:G1f5SKeVxmagw/IyvzvtZE4Gybcc4Tr1tf7I8z0XgOg=
github.com/mattn/go-colorable v0.1.1/go.mod h1:FuOcm+DKB9mbwrcAfNl7/TZVBZ6rcnceauSikq3lYCQ=
github.com/mattn/go-isatty v0.0.3/go.mod h1:M+lRXTBqGeGNdLjl/ufCoiOlB5xdOkqRJdNxMWT7Zi4=
github.com/mattn/go-isatty v0.0.4 h1:bnP0vzxcAdeI1zdubAl5PjU6zsERjGZb7raWodagDYs=
github.com/mattn/go-isatty v0.0.4/go.mod h1:M+lRXTBqGeGNdLjl/ufCoiOlB5xdOkqRJdNxMWT7Zi4=
github.com/mattn/go-isatty v0.0.5/go.mod h1:Iq45c/XA43vh69/j3iqttzPXn0bhXyGjM0Hdxcsrc5s=
github.com/mattn/go-isatty v0.0.7 h1:UvyT9uN+3r7yLEYSlJsbQGdsaB/a0DlgWP3pql6iwOc=
github.com/mattn/go-isatty v0.0.7/go.mod h1:Iq45c/XA43vh69/j3iqttzPXn0bhXyGjM0Hdxcsrc5s=
github.com/mattn/go-sqlite3 v1.10.0 h1:jbhqpg7tQe4SupckyijYiy0mJJ/pRyHvXf7JdWK860o=
github.com/mattn/go-sqlite3 v1.10.0/go.mod h1:FPy6KqzDD04eiIsT53CuJW3U88zkxoIYsOqkbpncsNc=
github.com/matttproud/golang_protobuf_extensions v1.0.1 h1:4hp9jkHxhMHkqkrB3Ix0jegS5sx/RkqARlsWZ6pIwiU=
github.com/matttproud/golang_protobuf_extensions v1.0.1/go.mod h1:D8He9yQNgCq6Z5Ld7szi9bcBfOoFv/3dc6xSMkL2PC0=
github.com/mcuadros/go-version v0.0.0-20190308113854-92cdf37c5b75 h1:Pijfgr7ZuvX7QIQiEwLdRVr3RoMG+i0SbBO1Qu+7yVk=
github.com/mcuadros/go-version v0.0.0-20190308113854-92cdf37c5b75/go.mod h1:76rfSfYPWj01Z85hUf/ituArm797mNKcvINh1OlsZKo=
github.com/mitchellh/go-homedir v1.0.0/go.mod h1:SfyaCUpYCn1Vlf4IUYiD9fPX4A5wJrkLzIz1N1q0pr0=
github.com/mitchellh/mapstructure v1.1.2/go.mod h1:FVVH3fgwuzCH5S8UJGiWEs2h04kUh9fWfEaFds41c1Y=
github.com/opentracing-contrib/go-stdlib v0.0.0-20190324214902-3020fec0e66b h1:N/+vVH19UEwFml23XATspYXdbpBU/oPvXy3CnkODjc0=
github.com/opentracing-contrib/go-stdlib v0.0.0-20190324214902-3020fec0e66b/go.mod h1:PLldrQSroqzH70Xl+1DQcGnefIbqsKR7UDaiux3zV+w=
github.com/opentracing/opentracing-go v1.1.0 h1:pWlfV3Bxv7k65HYwkikxat0+s3pV4bsqf19k25Ur8rU=
github.com/opentracing/opentracing-go v1.1.0/go.mod h1:UkNAQd3GIcIGf0SeVgPpRdFStlNbqXla1AfSYxPUl2o=
github.com/pelletier/go-buffruneio v0.2.0/go.mod h1:JkE26KsDizTr40EUHkXVtNPvgGtbSNq5BcowyYOWdKo=
github.com/peterh/liner v0.0.0-20170317030525-88609521dc4b h1:8uaXtUkxiy+T/zdLWuxa/PG4so0TPZDZfafFNNSaptE=
github.com/peterh/liner v0.0.0-20170317030525-88609521dc4b/go.mod h1:xIteQHvHuaLYG9IFj6mSxM0fCKrs34IrEQUhOYuGPHc=
github.com/pkg/errors v0.8.0/go.mod h1:bwawxfHBFNV+L2hUp1rHADufV3IMtnDRdf1r5NINEl0=
github.com/pkg/errors v0.8.1 h1:iURUrRGxPUNPdy5/HRSm+Yj6okJ6UtLINN0Q9M4+h3I=
github.com/pkg/errors v0.8.1/go.mod h1:bwawxfHBFNV+L2hUp1rHADufV3IMtnDRdf1r5NINEl0=
github.com/pkg/profile v0.0.0-20170413231811-06b906832ed0/go.mod h1:hJw3o1OdXxsrSjjVksARp5W95eeEaEfptyVZyv6JUPA=
github.com/pmezard/go-difflib v1.0.0 h1:4DBwDE0NGyQoBHbLQYPwSUPoCMWR5BEzIk/f1lZbAQM=
github.com/pmezard/go-difflib v1.0.0/go.mod h1:iKH77koFhYxTK1pcRnkKkqfTogsbg7gZNVY4sRDYZ/4=
github.com/prince1809/docsite v0.0.0-20190504121554-6a8ea0582d71 h1:OQJHcJgM41pXfDaoooKDO9bda69+tZ2owYIDTy3FtGs=
github.com/prince1809/docsite v0.0.0-20190504121554-6a8ea0582d71/go.mod h1:hTVKBtufQNI8ZrkJgYAnyVvjx+v5alPCkyVAHK2RKoQ=
github.com/prometheus/client_golang v0.9.2 h1:awm861/B8OKDd2I/6o1dy3ra4BamzKhYOiGItCeZ740=
github.com/prometheus/client_golang v0.9.2/go.mod h1:OsXs2jCmiKlQ1lTBmv21f2mNfw4xf/QclQDMrYNZzcM=
github.com/prometheus/client_model v0.0.0-20180712105110-5c3871d89910 h1:idejC8f05m9MGOsuEi1ATq9shN03HrxNkD/luQvxCv8=
github.com/prometheus/client_model v0.0.0-20180712105110-5c3871d89910/go.mod h1:MbSGuTsp3dbXC40dX6PRTWyKYBIrTGTE9sqQNg2J8bo=
github.com/prometheus/common v0.0.0-20181126121408-4724e9255275 h1:PnBWHBf+6L0jOqq0gIVUe6Yk0/QMZ640k6NvkxcBf+8=
github.com/prometheus/common v0.0.0-20181126121408-4724e9255275/go.mod h1:daVV7qP5qjZbuso7PdcryaAu0sAZbrN9i7WWcTMWvro=
github.com/prometheus/procfs v0.0.0-20181204211112-1dc9a6cbc91a h1:9a8MnZMP0X2nLJdBg+pBmGgkJlSaKC2KaQmTCk1XDtE=
github.com/prometheus/procfs v0.0.0-20181204211112-1dc9a6cbc91a/go.mod h1:c3At6R/oaqEKCNdg8wHV1ftS6bRYblBhIjjI8uT2IGk=
github.com/russross/blackfriday v0.0.0-20180428102519-11635eb403ff/go.mod h1:JO/DiYxRf+HjHt06OyowR9PTA263kcR/rfWxYHBV53g=
github.com/russross/blackfriday/v2 v2.0.1 h1:lPqVAte+HuHNfhJ/0LC98ESWRz8afy9tM/0RK8m9o+Q=
github.com/russross/blackfriday/v2 v2.0.1/go.mod h1:+Rmxgy9KzJVeS9/2gXHxylqXiyQDYRxCVz55jmeOWTM=
github.com/sergi/go-diff v1.0.0/go.mod h1:0CfEIISq7TuYL3j771MWULgwwjU+GofnZX9QAmXWZgo=
github.com/shurcooL/httpfs v0.0.0-20181222201310-74dc9339e414 h1:IYVb70m/qpJGjyZV2S4qbdSDnsMl+w9nsQ2iQedf1HI=
github.com/shurcooL/httpfs v0.0.0-20181222201310-74dc9339e414/go.mod h1:ZY1cvUeJuFPAdZ/B6v7RHavJWZn2YPVFQ1OSXhCGOkg=
github.com/shurcooL/sanitized_anchor_name v0.0.0-20170918181015-86672fcb3f95/go.mod h1:1NzhyTcUVG4SuEtjjoZeVRXNmyL/1OwPU0+IJeTBvfc=
github.com/shurcooL/sanitized_anchor_name v1.0.0 h1:PdmoCO6wvbs+7yrJyMORt4/BmY5IYyJwS/kOiWx8mHo=
github.com/shurcooL/sanitized_anchor_name v1.0.0/go.mod h1:1NzhyTcUVG4SuEtjjoZeVRXNmyL/1OwPU0+IJeTBvfc=
github.com/shurcooL/vfsgen v0.0.0-20181202132449-6a9ea43bcacd h1:ug7PpSOB5RBPK1Kg6qskGBoP3Vnj/aNYFTznWvlkGo0=
github.com/shurcooL/vfsgen v0.0.0-20181202132449-6a9ea43bcacd/go.mod h1:TrYk7fJVaAttu97ZZKrO9UbRa8izdowaMIZcxYMbVaw=
github.com/sirupsen/logrus v0.0.0-20180523074243-ea8897e79973 h1:3AJZYTzw3gm3TNTt30x0CCKD7GOn2sdd50Hn35fQkGY=
github.com/sirupsen/logrus v0.0.0-20180523074243-ea8897e79973/go.mod h1:pMByvHTf9Beacp5x1UXfOR9xyW/9antXMhjMPG0dEzc=
github.com/sourcegraph/docsite v0.0.0-20190329030636-57dceb634057 h1:sJ0s5fGC+T8G3V+4gix3vpXH5lQjCxnQmWtIVdtIxik=
github.com/sourcegraph/docsite v0.0.0-20190329030636-57dceb634057/go.mod h1:1eElRn/gHZ24upi+Fh9WHahVE21CtCcZukPRLIe7FGg=
github.com/sourcegraph/go-jsonschema v0.0.0-20190205151546-7939fa138765 h1:bFHV2WYU7J7MPdKTyaR6M7Ahhbn4cIdvbTRIRXprenM=
github.com/sourcegraph/go-jsonschema v0.0.0-20190205151546-7939fa138765/go.mod h1:6DfNy4BLIggAeittTJ8o9z/6d1ly+YujBTSnv03i7Bk=
github.com/sourcegraph/goreman v0.1.2-0.20180928223752-6e9a2beb830d h1:FxF0pen6r1WOqbm4kVDR3JV078HfPz65inWcMh1aVQI=
github.com/sourcegraph/goreman v0.1.2-0.20180928223752-6e9a2beb830d/go.mod h1:8HCyYaC38XwX0AOu0+fuY02Y5Z7CkITW0oVJavbna4Q=
github.com/sourcegraph/jsonschemadoc v0.0.0-20190214000648-1850b818f08c h1:MXlcJZ1VL5nNGkCj6ZTT71P4pImPkeG2lvzcJYzGvU4=
github.com/sourcegraph/jsonschemadoc v0.0.0-20190214000648-1850b818f08c/go.mod h1:ovHiFoMDwf4nf7ynAc7lIhD4w0nc/6tO27DtVzqYrTQ=
github.com/sourcegraph/jsonx v0.0.0-20190114210550-ba8cb36a8614 h1:MrlKMpoGse4bCneDoK/c+ZbPGqOP5Hme5ulatc8smbQ=
github.com/sourcegraph/jsonx v0.0.0-20190114210550-ba8cb36a8614/go.mod h1:7jkSQ2sdxwXMaIDxKJotTt+hwKnT9b/wbJFU7/ObUEY=
github.com/sourcegraph/sourcegraph v3.0.2+incompatible h1:gc6w3jctxdgSvUf8MuZFJt4ykf79SJ+IT4EDvSIc+rY=
github.com/sourcegraph/zoekt v0.0.0-20190116094554-c742ce874aa3 h1:vAUL5cXaRT43gdK4LStxgvS5gfVJSrEDgQ+VbrxgmzU=
github.com/sourcegraph/zoekt v0.0.0-20190116094554-c742ce874aa3/go.mod h1:WvXuHA1Bqi7FB9mKYXuvR2Tj27E6EsP/kZydqx7Vzts=
github.com/spf13/cobra v0.0.0-20170417170307-b6cb39589372 h1:eRfW1vRS4th8IX2iQeyqQ8cOUNOySvAYJ0IUvTXGoYA=
github.com/spf13/cobra v0.0.0-20170417170307-b6cb39589372/go.mod h1:1l0Ry5zgKvJasoi3XT1TypsSe7PqH0Sj9dhYf7v3XqQ=
github.com/spf13/pflag v0.0.0-20170417173400-9e4c21054fa1 h1:7bozMfSdo41n2NOc0GsVTTVUiA+Ncaj6pXNpm4UHKys=
github.com/spf13/pflag v0.0.0-20170417173400-9e4c21054fa1/go.mod h1:DYY7MBk1bdzusC3SYhjObp+wFpr4gzcvqqNjLnInEg4=
github.com/src-d/gcfg v1.4.0/go.mod h1:p/UMsR43ujA89BJY9duynAwIpvqEujIH/jFlfL7jWoI=
github.com/stretchr/objx v0.1.0/go.mod h1:HFkY916IF+rwdDfMAkV7OtwuqBVzrE8GR6GFx+wExME=
github.com/stretchr/objx v0.2.0/go.mod h1:qt09Ya8vawLte6SNmTgCsAVtYtaKzEcn8ATUoHMkEqE=
github.com/stretchr/testify v1.2.1/go.mod h1:a8OnRcib4nhh0OaRAV+Yts87kKdq0PP7pXfy6kDkUVs=
github.com/stretchr/testify v1.2.2/go.mod h1:a8OnRcib4nhh0OaRAV+Yts87kKdq0PP7pXfy6kDkUVs=
github.com/stretchr/testify v1.3.0 h1:TivCn/peBQ7UY8ooIcPgZFpTNSz0Q2U6UrFlUfqbe0Q=
github.com/stretchr/testify v1.3.0/go.mod h1:M5WIy9Dh21IEIfnGCwXGc5bZfKNJtfHm1UVUgZn+9EI=
github.com/xanzy/ssh-agent v0.2.0/go.mod h1:0NyE30eGUDliuLEHJgYte/zncp2zdTStcOnWhgSqHD8=
golang.org/x/arch v0.0.0-20171004143515-077ac972c2e4 h1:TP7YcWHbnFq4v8/3wM2JwgM0SRRtsYJ7Z6Oj0arz2bs=
golang.org/x/arch v0.0.0-20171004143515-077ac972c2e4/go.mod h1:cYlCBUl1MsqxdiKgmc4uh7TxZfWSFLOGSRR090WDxt8=
golang.org/x/crypto v0.0.0-20180614174826-fd5f17ee7299/go.mod h1:6SG95UA2DQfeDnfUPMdvaQW0Q7yPrPDi9nlGo2tz2b4=
golang.org/x/crypto v0.0.0-20180904163835-0709b304e793 h1:u+LnwYTOOW7Ukr/fppxEb1Nwz0AtPflrblfvUudpo+I=
golang.org/x/crypto v0.0.0-20180904163835-0709b304e793/go.mod h1:6SG95UA2DQfeDnfUPMdvaQW0Q7yPrPDi9nlGo2tz2b4=
golang.org/x/net v0.0.0-20180724234803-3673e40ba225/go.mod h1:mL1N/T3taQHkDXs73rZJwtUhF3w3ftmwwsq0BUmARs4=
golang.org/x/net v0.0.0-20180906233101-161cd47e91fd/go.mod h1:mL1N/T3taQHkDXs73rZJwtUhF3w3ftmwwsq0BUmARs4=
golang.org/x/net v0.0.0-20181114220301-adae6a3d119a/go.mod h1:mL1N/T3taQHkDXs73rZJwtUhF3w3ftmwwsq0BUmARs4=
golang.org/x/net v0.0.0-20181201002055-351d144fa1fc/go.mod h1:mL1N/T3taQHkDXs73rZJwtUhF3w3ftmwwsq0BUmARs4=
golang.org/x/net v0.0.0-20190110200230-915654e7eabc h1:Yx9JGxI1SBhVLFjpAkWMaO1TF+xyqtHLjZpvQboJGiM=
golang.org/x/net v0.0.0-20190110200230-915654e7eabc/go.mod h1:mL1N/T3taQHkDXs73rZJwtUhF3w3ftmwwsq0BUmARs4=
golang.org/x/oauth2 v0.0.0-20181120190819-8f65e3013eba/go.mod h1:N/0e6XlmueqKjAGxoOufVs8QHGRruUQn6yWY3a++T0U=
golang.org/x/sync v0.0.0-20181108010431-42b317875d0f h1:Bl/8QSvNqXvPGPGXa2z5xUTmV7VDcZyvRZ+QQXkXTZQ=
golang.org/x/sync v0.0.0-20181108010431-42b317875d0f/go.mod h1:RxMgew5VJxzue5/jJTE5uejpjVlOe/izrB70Jof72aM=
golang.org/x/sys v0.0.0-20180614134839-8883426083c0/go.mod h1:STP8DvDyc/dI5b8T5hshtkjS+E42TnysNCUPdjciGhY=
golang.org/x/sys v0.0.0-20180715085529-ac767d655b30/go.mod h1:STP8DvDyc/dI5b8T5hshtkjS+E42TnysNCUPdjciGhY=
golang.org/x/sys v0.0.0-20180903190138-2b024373dcd9/go.mod h1:STP8DvDyc/dI5b8T5hshtkjS+E42TnysNCUPdjciGhY=
golang.org/x/sys v0.0.0-20180925112736-b09afc3d579e/go.mod h1:STP8DvDyc/dI5b8T5hshtkjS+E42TnysNCUPdjciGhY=
golang.org/x/sys v0.0.0-20181128092732-4ed8d59d0b35/go.mod h1:STP8DvDyc/dI5b8T5hshtkjS+E42TnysNCUPdjciGhY=
golang.org/x/sys v0.0.0-20190109145017-48ac38b7c8cb h1:1w588/yEchbPNpa9sEvOcMZYbWHedwJjg4VOAdDHWHk=
golang.org/x/sys v0.0.0-20190109145017-48ac38b7c8cb/go.mod h1:STP8DvDyc/dI5b8T5hshtkjS+E42TnysNCUPdjciGhY=
golang.org/x/sys v0.0.0-20190222072716-a9d3bda3a223/go.mod h1:STP8DvDyc/dI5b8T5hshtkjS+E42TnysNCUPdjciGhY=
golang.org/x/sys v0.0.0-20190502145724-3ef323f4f1fd h1:r7DufRZuZbWB7j439YfAzP8RPDa9unLkpwQKUYbIMPI=
golang.org/x/sys v0.0.0-20190502145724-3ef323f4f1fd/go.mod h1:h1NjWce9XRLGQEsW7wpKNCjG9DtNlClVuFLEZdDNbEs=
golang.org/x/text v0.3.0 h1:g61tztE5qeGQ89tm6NTjjM9VPIm088od1l6aSorWRWg=
golang.org/x/text v0.3.0/go.mod h1:NqM8EUOU14njkJ3fqMW+pc6Ldnwhi/IjpwHt7yyuwOQ=
golang.org/x/tools v0.0.0-20181120060634-fc4f04983f62/go.mod h1:n7NCudcB/nEzxVGmLbDWY5pfWTLqBcC2KZ6jyYvM4mQ=
golang.org/x/tools v0.0.0-20190110211028-68c5ac90f574 h1:sNWcmYE7tNFTCVg/HrEF29VgTSwiTN4xxhc0i2dhJ44=
golang.org/x/tools v0.0.0-20190110211028-68c5ac90f574/go.mod h1:n7NCudcB/nEzxVGmLbDWY5pfWTLqBcC2KZ6jyYvM4mQ=
google.golang.org/appengine v1.3.0 h1:FBSsiFRMz3LBeXIomRnVzrQwSDj4ibvcRexLG0LZGQk=
google.golang.org/appengine v1.3.0/go.mod h1:xpcJRLb0r/rnEns0DIKYYv+WjYCduHsrkT7/EB5XEv4=
gopkg.in/alecthomas/kingpin.v2 v2.2.6 h1:jMFz6MfLP0/4fUyZle81rXUoxOBFi19VUFKVDOQfozc=
gopkg.in/alecthomas/kingpin.v2 v2.2.6/go.mod h1:FMv+mEhP44yOT+4EoQTLFTRgOQ1FBLkstjWtayDeSgw=
gopkg.in/check.v1 v0.0.0-20161208181325-20d25e280405/go.mod h1:Co6ibVJAznAaIkqp8huTwlJQCZ016jof/cbN4VW5Yz0=
gopkg.in/check.v1 v1.0.0-20180628173108-788fd7840127/go.mod h1:Co6ibVJAznAaIkqp8huTwlJQCZ016jof/cbN4VW5Yz0=
gopkg.in/inconshreveable/log15.v2 v2.0.0-20180818164646-67afb5ed74ec h1:RlWgLqCMMIYYEVcAR5MDsuHlVkaIPDAF+5Dehzg8L5A=
gopkg.in/inconshreveable/log15.v2 v2.0.0-20180818164646-67afb5ed74ec/go.mod h1:aPpfJ7XW+gOuirDoZ8gHhLh3kZ1B08FtV2bbmy7Jv3s=
gopkg.in/russross/blackfriday.v2 v2.0.0/go.mod h1:6sSBNz/GtOm/pJTuh5UmBK2ZHfmnxGbl2NZg1UliSOI=
gopkg.in/src-d/go-billy.v4 v4.2.1/go.mod h1:tm33zBoOwxjYHZIE+OV8bxTWFMJLrconzFMd38aARFk=
gopkg.in/src-d/go-git-fixtures.v3 v3.1.1/go.mod h1:dLBcvytrw/TYZsNTWCnkNF2DSIlzWYqTe3rJR56Ac7g=
gopkg.in/src-d/go-git.v4 v4.8.0/go.mod h1:Vtut8izDyrM8BUVQnzJ+YvmNcem2J89EmfZYCkLokZk=
gopkg.in/warnings.v0 v0.1.2/go.mod h1:jksf8JmL6Qr/oQM2OXTHunEvvTAsrWBLb6OOjuVWRNI=
gopkg.in/yaml.v2 v2.0.0-20170407172122-cd8b52f8269e/go.mod h1:JAlM8MvJe8wmxCU4Bli9HhUf9+ttbYbLASfIpnQbh74=
gopkg.in/yaml.v2 v2.2.1/go.mod h1:hI93XBmqTisBFMUTm0b8Fm+jr3Dg1NNxqwp+5A1VGuI=
gopkg.in/yaml.v2 v2.2.2 h1:ZCJp+EgiOT7lHqUV2J862kp8Qj64Jo6az82+3Td9dZw=
gopkg.in/yaml.v2 v2.2.2/go.mod h1:hI93XBmqTisBFMUTm0b8Fm+jr3Dg1NNxqwp+5A1VGuI=
